
Microsoft Visual Studio Solution File, Format Version 12.00
# Visual Studio Version 17
VisualStudioVersion = 17.1.32228.430
MinimumVisualStudioVersion = 10.0.40219.1
Project("{9A19103F-16F7-4668-BE54-9A1E7A4F7556}") = "ConsoleApp1", "ConsoleApp1\ConsoleApp1.csproj", "{E0011276-7CDB-408C-AE83-EC2A20158C20}"
	ProjectSection(ProjectDependencies) = postProject
		{FDDE069F-651A-4D60-9D0F-2157DC2692C1} = {FDDE069F-651A-4D60-9D0F-2157DC2692C1}
	EndProjectSection
EndProject
Project("{9A19103F-16F7-4668-BE54-9A1E7A4F7556}") = "ClassLibrary1", "..\ClassLibrary1\ClassLibrary1\ClassLibrary1.csproj", "{FDDE069F-651A-4D60-9D0F-2157DC2692C1}"
EndProject
Global
	GlobalSection(SolutionConfigurationPlatforms) = preSolution
		Debug|Any CPU = Debug|Any CPU
		Release|Any CPU = Release|Any CPU
	EndGlobalSection
	GlobalSection(ProjectConfigurationPlatforms) = postSolution
		{E0011276-7CDB-408C-AE83-EC2A20158C20}.Debug|Any CPU.ActiveCfg = Debug|Any CPU
		{E0011276-7CDB-408C-AE83-EC2A20158C20}.Debug|Any CPU.Build.0 = Debug|Any CPU
		{E0011276-7CDB-408C-AE83-EC2A20158C20}.Release|Any CPU.ActiveCfg = Release|Any CPU
		{E0011276-7CDB-408C-AE83-EC2A20158C20}.Release|Any CPU.Build.0 = Release|Any CPU
		{FDDE069F-651A-4D60-9D0F-2157DC2692C1}.Debug|Any CPU.ActiveCfg = Debug|Any CPU
		{FDDE069F-651A-4D60-9D0F-2157DC2692C1}.Debug|Any CPU.Build.0 = Debug|Any CPU
		{FDDE069F-651A-4D60-9D0F-2157DC2692C1}.Release|Any CPU.ActiveCfg = Release|Any CPU
		{FDDE069F-651A-4D60-9D0F-2157DC2692C1}.Release|Any CPU.Build.0 = Release|Any CPU
	EndGlobalSection
	GlobalSection(SolutionProperties) = preSolution
		HideSolutionNode = FALSE
	EndGlobalSection
	GlobalSection(ExtensibilityGlobals) = postSolution
		SolutionGuid = {8A5E07EE-51BD-4324-8BC9-5D5FAE09DC0B}
	EndGlobalSection
EndGlobal
