
Microsoft Visual Studio Solution File, Format Version 12.00
# Visual Studio Version 17
VisualStudioVersion = 17.2.32519.379
MinimumVisualStudioVersion = 10.0.40219.1
Project("{FAE04EC0-301F-11D3-BF4B-00C04F79EFBC}") = "WindowsFormsApp4", "WindowsFormsApp4\WindowsFormsApp4.csproj", "{9D26E088-F207-4CD8-B1BC-908E5624A8D2}"
EndProject
Project("{FAE04EC0-301F-11D3-BF4B-00C04F79EFBC}") = "ClassLibrary3", "..\..\Lab3\ClassLibrary3\ClassLibrary3\ClassLibrary3.csproj", "{E1B667D1-10CC-4855-B55F-0FF18C631B93}"
EndProject
Global
	GlobalSection(SolutionConfigurationPlatforms) = preSolution
		Debug|Any CPU = Debug|Any CPU
		Release|Any CPU = Release|Any CPU
	EndGlobalSection
	GlobalSection(ProjectConfigurationPlatforms) = postSolution
		{9D26E088-F207-4CD8-B1BC-908E5624A8D2}.Debug|Any CPU.ActiveCfg = Debug|Any CPU
		{9D26E088-F207-4CD8-B1BC-908E5624A8D2}.Debug|Any CPU.Build.0 = Debug|Any CPU
		{9D26E088-F207-4CD8-B1BC-908E5624A8D2}.Release|Any CPU.ActiveCfg = Release|Any CPU
		{9D26E088-F207-4CD8-B1BC-908E5624A8D2}.Release|Any CPU.Build.0 = Release|Any CPU
		{E1B667D1-10CC-4855-B55F-0FF18C631B93}.Debug|Any CPU.ActiveCfg = Debug|Any CPU
		{E1B667D1-10CC-4855-B55F-0FF18C631B93}.Debug|Any CPU.Build.0 = Debug|Any CPU
		{E1B667D1-10CC-4855-B55F-0FF18C631B93}.Release|Any CPU.ActiveCfg = Release|Any CPU
		{E1B667D1-10CC-4855-B55F-0FF18C631B93}.Release|Any CPU.Build.0 = Release|Any CPU
	EndGlobalSection
	GlobalSection(SolutionProperties) = preSolution
		HideSolutionNode = FALSE
	EndGlobalSection
	GlobalSection(ExtensibilityGlobals) = postSolution
		SolutionGuid = {1F0C9CD4-F55B-41D0-A790-18008BD23C0C}
	EndGlobalSection
EndGlobal
